
Microsoft Visual Studio Solution File, Format Version 12.00
# Visual Studio Version 16
VisualStudioVersion = 16.0.30406.217
MinimumVisualStudioVersion = 10.0.40219.1
Project("{8BC9CEB8-8B4A-11D0-8D11-00A0C91BC942}") = "diskret mat kursayin", "diskret mat kursayin\diskret mat kursayin.vcxproj", "{306FE447-0048-4566-9107-92F65D60513C}"
EndProject
Global
	GlobalSection(SolutionConfigurationPlatforms) = preSolution
		Debug|x64 = Debug|x64
		Debug|x86 = Debug|x86
		Release|x64 = Release|x64
		Release|x86 = Release|x86
	EndGlobalSection
	GlobalSection(ProjectConfigurationPlatforms) = postSolution
		{306FE447-0048-4566-9107-92F65D60513C}.Debug|x64.ActiveCfg = Debug|x64
		{306FE447-0048-4566-9107-92F65D60513C}.Debug|x64.Build.0 = Debug|x64
		{306FE447-0048-4566-9107-92F65D60513C}.Debug|x86.ActiveCfg = Debug|Win32
		{306FE447-0048-4566-9107-92F65D60513C}.Debug|x86.Build.0 = Debug|Win32
		{306FE447-0048-4566-9107-92F65D60513C}.Release|x64.ActiveCfg = Release|x64
		{306FE447-0048-4566-9107-92F65D60513C}.Release|x64.Build.0 = Release|x64
		{306FE447-0048-4566-9107-92F65D60513C}.Release|x86.ActiveCfg = Release|Win32
		{306FE447-0048-4566-9107-92F65D60513C}.Release|x86.Build.0 = Release|Win32
	EndGlobalSection
	GlobalSection(SolutionProperties) = preSolution
		HideSolutionNode = FALSE
	EndGlobalSection
	GlobalSection(ExtensibilityGlobals) = postSolution
		SolutionGuid = {E1627912-18A0-41E1-AD96-E0E25C472459}
	EndGlobalSection
EndGlobal
